// !$*UTF8*$!
{
	archiveVersion = 1;
	classes = {
	};
	objectVersion = 46;
	objects = {

/* Begin PBXBuildFile section */
		7F28A14C1D6AFBBA002C64E6 /* main.m in Sources */ = {isa = PBXBuildFile; fileRef = 7F28A14B1D6AFBBA002C64E6 /* main.m */; };
		7F28A14F1D6AFBBA002C64E6 /* AppDelegate.m in Sources */ = {isa = PBXBuildFile; fileRef = 7F28A14E1D6AFBBA002C64E6 /* AppDelegate.m */; };
		7F28A1521D6AFBBA002C64E6 /* ViewController.m in Sources */ = {isa = PBXBuildFile; fileRef = 7F28A1511D6AFBBA002C64E6 /* ViewController.m */; };
		7F28A1551D6AFBBA002C64E6 /* Main.storyboard in Resources */ = {isa = PBXBuildFile; fileRef = 7F28A1531D6AFBBA002C64E6 /* Main.storyboard */; };
		7F28A1571D6AFBBA002C64E6 /* Assets.xcassets in Resources */ = {isa = PBXBuildFile; fileRef = 7F28A1561D6AFBBA002C64E6 /* Assets.xcassets */; };
		7F28A15A1D6AFBBA002C64E6 /* LaunchScreen.storyboard in Resources */ = {isa = PBXBuildFile; fileRef = 7F28A1581D6AFBBA002C64E6 /* LaunchScreen.storyboard */; };
		7F28A1651D6AFBBD002C64E6 /* dragViewTests.m in Sources */ = {isa = PBXBuildFile; fileRef = 7F28A1641D6AFBBD002C64E6 /* dragViewTests.m */; };
		7F28A1701D6AFBC2002C64E6 /* dragViewUITests.m in Sources */ = {isa = PBXBuildFile; fileRef = 7F28A16F1D6AFBC2002C64E6 /* dragViewUITests.m */; };
		7FC034CE1ED7FF7600D6D91A /* YDCollectionViewCell.m in Sources */ = {isa = PBXBuildFile; fileRef = 7FC034CD1ED7FF7600D6D91A /* YDCollectionViewCell.m */; };
/* End PBXBuildFile section */

/* Begin PBXContainerItemProxy section */
		7F28A1611D6AFBBC002C64E6 /* PBXContainerItemProxy */ = {
			isa = PBXContainerItemProxy;
			containerPortal = 7F28A13F1D6AFBB7002C64E6 /* Project object */;
			proxyType = 1;
			remoteGlobalIDString = 7F28A1461D6AFBB7002C64E6;
			remoteInfo = dragView;
		};
		7F28A16C1D6AFBBF002C64E6 /* PBXContainerItemProxy */ = {
			isa = PBXContainerItemProxy;
			containerPortal = 7F28A13F1D6AFBB7002C64E6 /* Project object */;
			proxyType = 1;
			remoteGlobalIDString = 7F28A1461D6AFBB7002C64E6;
			remoteInfo = dragView;
		};
/* End PBXContainerItemProxy section */

/* Begin PBXFileReference section */
		7F28A1471D6AFBB7002C64E6 /* dragView.app */ = {isa = PBXFileReference; explicitFileType = wrapper.application; includeInIndex = 0; path = dragView.app; sourceTree = BUILT_PRODUCTS_DIR; };
		7F28A14B1D6AFBBA002C64E6 /* main.m */ = {isa = PBXFileReference; lastKnownFileType = sourcecode.c.objc; path = main.m; sourceTree = "<group>"; };
		7F28A14D1D6AFBBA002C64E6 /* AppDelegate.h */ = {isa = PBXFileReference; lastKnownFileType = sourcecode.c.h; path = AppDelegate.h; sourceTree = "<group>"; };
		7F28A14E1D6AFBBA002C64E6 /* AppDelegate.m */ = {isa = PBXFileReference; lastKnownFileType = sourcecode.c.objc; path = AppDelegate.m; sourceTree = "<group>"; };
		7F28A1501D6AFBBA002C64E6 /* ViewController.h */ = {isa = PBXFileReference; lastKnownFileType = sourcecode.c.h; path = ViewController.h; sourceTree = "<group>"; };
		7F28A1511D6AFBBA002C64E6 /* ViewController.m */ = {isa = PBXFileReference; lastKnownFileType = sourcecode.c.objc; path = ViewController.m; sourceTree = "<group>"; };
		7F28A1541D6AFBBA002C64E6 /* Base */ = {isa = PBXFileReference; lastKnownFileType = file.storyboard; name = Base; path = Base.lproj/Main.storyboard; sourceTree = "<group>"; };
		7F28A1561D6AFBBA002C64E6 /* Assets.xcassets */ = {isa = PBXFileReference; lastKnownFileType = folder.assetcatalog; path = Assets.xcassets; sourceTree = "<group>"; };
		7F28A1591D6AFBBA002C64E6 /* Base */ = {isa = PBXFileReference; lastKnownFileType = file.storyboard; name = Base; path = Base.lproj/LaunchScreen.storyboard; sourceTree = "<group>"; };
		7F28A15B1D6AFBBA002C64E6 /* Info.plist */ = {isa = PBXFileReference; lastKnownFileType = text.plist.xml; path = Info.plist; sourceTree = "<group>"; };
		7F28A1601D6AFBBC002C64E6 /* dragViewTests.xctest */ = {isa = PBXFileReference; explicitFileType = wrapper.cfbundle; includeInIndex = 0; path = dragViewTests.xctest; sourceTree = BUILT_PRODUCTS_DIR; };
		7F28A1641D6AFBBD002C64E6 /* dragViewTests.m */ = {isa = PBXFileReference; lastKnownFileType = sourcecode.c.objc; path = dragViewTests.m; sourceTree = "<group>"; };
		7F28A1661D6AFBBE002C64E6 /* Info.plist */ = {isa = PBXFileReference; lastKnownFileType = text.plist.xml; path = Info.plist; sourceTree = "<group>"; };
		7F28A16B1D6AFBBF002C64E6 /* dragViewUITests.xctest */ = {isa = PBXFileReference; explicitFileType = wrapper.cfbundle; includeInIndex = 0; path = dragViewUITests.xctest; sourceTree = BUILT_PRODUCTS_DIR; };
		7F28A16F1D6AFBC2002C64E6 /* dragViewUITests.m */ = {isa = PBXFileReference; lastKnownFileType = sourcecode.c.objc; path = dragViewUITests.m; sourceTree = "<group>"; };
		7F28A1711D6AFBC3002C64E6 /* Info.plist */ = {isa = PBXFileReference; lastKnownFileType = text.plist.xml; path = Info.plist; sourceTree = "<group>"; };
		7FC034CC1ED7FF7600D6D91A /* YDCollectionViewCell.h */ = {isa = PBXFileReference; fileEncoding = 4; lastKnownFileType = sourcecode.c.h; path = YDCollectionViewCell.h; sourceTree = "<group>"; };
		7FC034CD1ED7FF7600D6D91A /* YDCollectionViewCell.m */ = {isa = PBXFileReference; fileEncoding = 4; lastKnownFileType = sourcecode.c.objc; path = YDCollectionViewCell.m; sourceTree = "<group>"; };
/* End PBXFileReference section */

/* Begin PBXFrameworksBuildPhase section */
		7F28A1441D6AFBB7002C64E6 /* Frameworks */ = {
			isa = PBXFrameworksBuildPhase;
			buildActionMask = 2147483647;
			files = (
			);
			runOnlyForDeploymentPostprocessing = 0;
		};
		7F28A15D1D6AFBBC002C64E6 /* Frameworks */ = {
			isa = PBXFrameworksBuildPhase;
			buildActionMask = 2147483647;
			files = (
			);
			runOnlyForDeploymentPostprocessing = 0;
		};
		7F28A1681D6AFBBE002C64E6 /* Frameworks */ = {
			isa = PBXFrameworksBuildPhase;
			buildActionMask = 2147483647;
			files = (
			);
			runOnlyForDeploymentPostprocessing = 0;
		};
/* End PBXFrameworksBuildPhase section */

/* Begin PBXGroup section */
		7F28A13E1D6AFBB7002C64E6 = {
			isa = PBXGroup;
			children = (
				7F28A1491D6AFBBA002C64E6 /* dragView */,
				7F28A1631D6AFBBC002C64E6 /* dragViewTests */,
				7F28A16E1D6AFBBF002C64E6 /* dragViewUITests */,
				7F28A1481D6AFBB7002C64E6 /* Products */,
			);
			sourceTree = "<group>";
		};
		7F28A1481D6AFBB7002C64E6 /* Products */ = {
			isa = PBXGroup;
			children = (
				7F28A1471D6AFBB7002C64E6 /* dragView.app */,
				7F28A1601D6AFBBC002C64E6 /* dragViewTests.xctest */,
				7F28A16B1D6AFBBF002C64E6 /* dragViewUITests.xctest */,
			);
			name = Products;
			sourceTree = "<group>";
		};
		7F28A1491D6AFBBA002C64E6 /* dragView */ = {
			isa = PBXGroup;
			children = (
				7F28A14D1D6AFBBA002C64E6 /* AppDelegate.h */,
				7F28A14E1D6AFBBA002C64E6 /* AppDelegate.m */,
				7F28A1501D6AFBBA002C64E6 /* ViewController.h */,
				7F28A1511D6AFBBA002C64E6 /* ViewController.m */,
				7FC034CC1ED7FF7600D6D91A /* YDCollectionViewCell.h */,
				7FC034CD1ED7FF7600D6D91A /* YDCollectionViewCell.m */,
				7F28A1531D6AFBBA002C64E6 /* Main.storyboard */,
				7F28A1561D6AFBBA002C64E6 /* Assets.xcassets */,
				7F28A1581D6AFBBA002C64E6 /* LaunchScreen.storyboard */,
				7F28A15B1D6AFBBA002C64E6 /* Info.plist */,
				7F28A14A1D6AFBBA002C64E6 /* Supporting Files */,
			);
			path = dragView;
			sourceTree = "<group>";
		};
		7F28A14A1D6AFBBA002C64E6 /* Supporting Files */ = {
			isa = PBXGroup;
			children = (
				7F28A14B1D6AFBBA002C64E6 /* main.m */,
			);
			name = "Supporting Files";
			sourceTree = "<group>";
		};
		7F28A1631D6AFBBC002C64E6 /* dragViewTests */ = {
			isa = PBXGroup;
			children = (
				7F28A1641D6AFBBD002C64E6 /* dragViewTests.m */,
				7F28A1661D6AFBBE002C64E6 /* Info.plist */,
			);
			path = dragViewTests;
			sourceTree = "<group>";
		};
		7F28A16E1D6AFBBF002C64E6 /* dragViewUITests */ = {
			isa = PBXGroup;
			children = (
				7F28A16F1D6AFBC2002C64E6 /* dragViewUITests.m */,
				7F28A1711D6AFBC3002C64E6 /* Info.plist */,
			);
			path = dragViewUITests;
			sourceTree = "<group>";
		};
/* End PBXGroup section */

/* Begin PBXNativeTarget section */
		7F28A1461D6AFBB7002C64E6 /* dragView */ = {
			isa = PBXNativeTarget;
			buildConfigurationList = 7F28A1741D6AFBC3002C64E6 /* Build configuration list for PBXNativeTarget "dragView" */;
			buildPhases = (
				7F28A1431D6AFBB7002C64E6 /* Sources */,
				7F28A1441D6AFBB7002C64E6 /* Frameworks */,
				7F28A1451D6AFBB7002C64E6 /* Resources */,
			);
			buildRules = (
			);
			dependencies = (
			);
			name = dragView;
			productName = dragView;
			productReference = 7F28A1471D6AFBB7002C64E6 /* dragView.app */;
			productType = "com.apple.product-type.application";
		};
		7F28A15F1D6AFBBC002C64E6 /* dragViewTests */ = {
			isa = PBXNativeTarget;
			buildConfigurationList = 7F28A1771D6AFBC3002C64E6 /* Build configuration list for PBXNativeTarget "dragViewTests" */;
			buildPhases = (
				7F28A15C1D6AFBBC002C64E6 /* Sources */,
				7F28A15D1D6AFBBC002C64E6 /* Frameworks */,
				7F28A15E1D6AFBBC002C64E6 /* Resources */,
			);
			buildRules = (
			);
			dependencies = (
				7F28A1621D6AFBBC002C64E6 /* PBXTargetDependency */,
			);
			name = dragViewTests;
			productName = dragViewTests;
			productReference = 7F28A1601D6AFBBC002C64E6 /* dragViewTests.xctest */;
			productType = "com.apple.product-type.bundle.unit-test";
		};
		7F28A16A1D6AFBBE002C64E6 /* dragViewUITests */ = {
			isa = PBXNativeTarget;
			buildConfigurationList = 7F28A17A1D6AFBC3002C64E6 /* Build configuration list for PBXNativeTarget "dragViewUITests" */;
			buildPhases = (
				7F28A1671D6AFBBE002C64E6 /* Sources */,
				7F28A1681D6AFBBE002C64E6 /* Frameworks */,
				7F28A1691D6AFBBE002C64E6 /* Resources */,
			);
			buildRules = (
			);
			dependencies = (
				7F28A16D1D6AFBBF002C64E6 /* PBXTargetDependency */,
			);
			name = dragViewUITests;
			productName = dragViewUITests;
			productReference = 7F28A16B1D6AFBBF002C64E6 /* dragViewUITests.xctest */;
			productType = "com.apple.product-type.bundle.ui-testing";
		};
/* End PBXNativeTarget section */

/* Begin PBXProject section */
		7F28A13F1D6AFBB7002C64E6 /* Project object */ = {
			isa = PBXProject;
			attributes = {
				LastUpgradeCheck = 0730;
				ORGANIZATIONNAME = yuandiLiao;
				TargetAttributes = {
					7F28A1461D6AFBB7002C64E6 = {
						CreatedOnToolsVersion = 7.3.1;
						DevelopmentTeam = G94VYVQQLB;
					};
					7F28A15F1D6AFBBC002C64E6 = {
						CreatedOnToolsVersion = 7.3.1;
						TestTargetID = 7F28A1461D6AFBB7002C64E6;
					};
					7F28A16A1D6AFBBE002C64E6 = {
						CreatedOnToolsVersion = 7.3.1;
						TestTargetID = 7F28A1461D6AFBB7002C64E6;
					};
				};
			};
			buildConfigurationList = 7F28A1421D6AFBB7002C64E6 /* Build configuration list for PBXProject "dragView" */;
			compatibilityVersion = "Xcode 3.2";
			developmentRegion = English;
			hasScannedForEncodings = 0;
			knownRegions = (
				en,
				Base,
			);
			mainGroup = 7F28A13E1D6AFBB7002C64E6;
			productRefGroup = 7F28A1481D6AFBB7002C64E6 /* Products */;
			projectDirPath = "";
			projectRoot = "";
			targets = (
				7F28A1461D6AFBB7002C64E6 /* dragView */,
				7F28A15F1D6AFBBC002C64E6 /* dragViewTests */,
				7F28A16A1D6AFBBE002C64E6 /* dragViewUITests */,
			);
		};
/* End PBXProject section */

/* Begin PBXResourcesBuildPhase section */
		7F28A1451D6AFBB7002C64E6 /* Resources */ = {
			isa = PBXResourcesBuildPhase;
			buildActionMask = 2147483647;
			files = (
				7F28A15A1D6AFBBA002C64E6 /* LaunchScreen.storyboard in Resources */,
				7F28A1571D6AFBBA002C64E6 /* Assets.xcassets in Resources */,
				7F28A1551D6AFBBA002C64E6 /* Main.storyboard in Resources */,
			);
			runOnlyForDeploymentPostprocessing = 0;
		};
		7F28A15E1D6AFBBC002C64E6 /* Resources */ = {
			isa = PBXResourcesBuildPhase;
			buildActionMask = 2147483647;
			files = (
			);
			runOnlyForDeploymentPostprocessing = 0;
		};
		7F28A1691D6AFBBE002C64E6 /* Resources */ = {
			isa = PBXResourcesBuildPhase;
			buildActionMask = 2147483647;
			files = (
			);
			runOnlyForDeploymentPostprocessing = 0;
		};
/* End PBXResourcesBuildPhase section */

/* Begin PBXSourcesBuildPhase section */
		7F28A1431D6AFBB7002C64E6 /* Sources */ = {
			isa = PBXSourcesBuildPhase;
			buildActionMask = 2147483647;
			files = (
				7F28A1521D6AFBBA002C64E6 /* ViewController.m in Sources */,
				7FC034CE1ED7FF7600D6D91A /* YDCollectionViewCell.m in Sources */,
				7F28A14F1D6AFBBA002C64E6 /* AppDelegate.m in Sources */,
				7F28A14C1D6AFBBA002C64E6 /* main.m in Sources */,
			);
			runOnlyForDeploymentPostprocessing = 0;
		};
		7F28A15C1D6AFBBC002C64E6 /* Sources */ = {
			isa = PBXSourcesBuildPhase;
			buildActionMask = 2147483647;
			files = (
				7F28A1651D6AFBBD002C64E6 /* dragViewTests.m in Sources */,
			);
			runOnlyForDeploymentPostprocessing = 0;
		};
		7F28A1671D6AFBBE002C64E6 /* Sources */ = {
			isa = PBXSourcesBuildPhase;
			buildActionMask = 2147483647;
			files = (
				7F28A1701D6AFBC2002C64E6 /* dragViewUITests.m in Sources */,
			);
			runOnlyForDeploymentPostprocessing = 0;
		};
/* End PBXSourcesBuildPhase section */

/* Begin PBXTargetDependency section */
		7F28A1621D6AFBBC002C64E6 /* PBXTargetDependency */ = {
			isa = PBXTargetDependency;
			target = 7F28A1461D6AFBB7002C64E6 /* dragView */;
			targetProxy = 7F28A1611D6AFBBC002C64E6 /* PBXContainerItemProxy */;
		};
		7F28A16D1D6AFBBF002C64E6 /* PBXTargetDependency */ = {
			isa = PBXTargetDependency;
			target = 7F28A1461D6AFBB7002C64E6 /* dragView */;
			targetProxy = 7F28A16C1D6AFBBF002C64E6 /* PBXContainerItemProxy */;
		};
/* End PBXTargetDependency section */

/* Begin PBXVariantGroup section */
		7F28A1531D6AFBBA002C64E6 /* Main.storyboard */ = {
			isa = PBXVariantGroup;
			children = (
				7F28A1541D6AFBBA002C64E6 /* Base */,
			);
			name = Main.storyboard;
			sourceTree = "<group>";
		};
		7F28A1581D6AFBBA002C64E6 /* LaunchScreen.storyboard */ = {
			isa = PBXVariantGroup;
			children = (
				7F28A1591D6AFBBA002C64E6 /* Base */,
			);
			name = LaunchScreen.storyboard;
			sourceTree = "<group>";
		};
/* End PBXVariantGroup section */

/* Begin XCBuildConfiguration section */
		7F28A1721D6AFBC3002C64E6 /* Debug */ = {
			isa = XCBuildConfiguration;
			buildSettings = {
				ALWAYS_SEARCH_USER_PATHS = NO;
				CLANG_ANALYZER_NONNULL = YES;
				CLANG_CXX_LANGUAGE_STANDARD = "gnu++0x";
				CLANG_CXX_LIBRARY = "libc++";
				CLANG_ENABLE_MODULES = YES;
				CLANG_ENABLE_OBJC_ARC = YES;
				CLANG_WARN_BOOL_CONVERSION = YES;
				CLANG_WARN_CONSTANT_CONVERSION = YES;
				CLANG_WARN_DIRECT_OBJC_ISA_USAGE = YES_ERROR;
				CLANG_WARN_EMPTY_BODY = YES;
				CLANG_WARN_ENUM_CONVERSION = YES;
				CLANG_WARN_INT_CONVERSION = YES;
				CLANG_WARN_OBJC_ROOT_CLASS = YES_ERROR;
				CLANG_WARN_UNREACHABLE_CODE = YES;
				CLANG_WARN__DUPLICATE_METHOD_MATCH = YES;
				"CODE_SIGN_IDENTITY[sdk=iphoneos*]" = "iPhone Developer";
				COPY_PHASE_STRIP = NO;
				DEBUG_INFORMATION_FORMAT = dwarf;
				ENABLE_STRICT_OBJC_MSGSEND = YES;
				ENABLE_TESTABILITY = YES;
				GCC_C_LANGUAGE_STANDARD = gnu99;
				GCC_DYNAMIC_NO_PIC = NO;
				GCC_NO_COMMON_BLOCKS = YES;
				GCC_OPTIMIZATION_LEVEL = 0;
				GCC_PREPROCESSOR_DEFINITIONS = (
					"DEBUG=1",
					"$(inherited)",
				);
				GCC_WARN_64_TO_32_BIT_CONVERSION = YES;
				GCC_WARN_ABOUT_RETURN_TYPE = YES_ERROR;
				GCC_WARN_UNDECLARED_SELECTOR = YES;
				GCC_WARN_UNINITIALIZED_AUTOS = YES_AGGRESSIVE;
				GCC_WARN_UNUSED_FUNCTION = YES;
				GCC_WARN_UNUSED_VARIABLE = YES;
				IPHONEOS_DEPLOYMENT_TARGET = 9.3;
				MTL_ENABLE_DEBUG_INFO = YES;
				ONLY_ACTIVE_ARCH = YES;
				SDKROOT = iphoneos;
				TARGETED_DEVICE_FAMILY = "1,2";
			};
			name = Debug;
		};
		7F28A1731D6AFBC3002C64E6 /* Release */ = {
			isa = XCBuildConfiguration;
			buildSettings = {
				ALWAYS_SEARCH_USER_PATHS = NO;
				CLANG_ANALYZER_NONNULL = YES;
				CLANG_CXX_LANGUAGE_STANDARD = "gnu++0x";
				CLANG_CXX_LIBRARY = "libc++";
				CLANG_ENABLE_MODULES = YES;
				CLANG_ENABLE_OBJC_ARC = YES;
				CLANG_WARN_BOOL_CONVERSION = YES;
				CLANG_WARN_CONSTANT_CONVERSION = YES;
				CLANG_WARN_DIRECT_OBJC_ISA_USAGE = YES_ERROR;
				CLANG_WARN_EMPTY_BODY = YES;
				CLANG_WARN_ENUM_CONVERSION = YES;
				CLANG_WARN_INT_CONVERSION = YES;
				CLANG_WARN_OBJC_ROOT_CLASS = YES_ERROR;
				CLANG_WARN_UNREACHABLE_CODE = YES;
				CLANG_WARN__DUPLICATE_METHOD_MATCH = YES;
				"CODE_SIGN_IDENTITY[sdk=iphoneos*]" = "iPhone Developer";
				COPY_PHASE_STRIP = NO;
				DEBUG_INFORMATION_FORMAT = "dwarf-with-dsym";
				ENABLE_NS_ASSERTIONS = NO;
				ENABLE_STRICT_OBJC_MSGSEND = YES;
				GCC_C_LANGUAGE_STANDARD = gnu99;
				GCC_NO_COMMON_BLOCKS = YES;
				GCC_WARN_64_TO_32_BIT_CONVERSION = YES;
				GCC_WARN_ABOUT_RETURN_TYPE = YES_ERROR;
				GCC_WARN_UNDECLARED_SELECTOR = YES;
				GCC_WARN_UNINITIALIZED_AUTOS = YES_AGGRESSIVE;
				GCC_WARN_UNUSED_FUNCTION = YES;
				GCC_WARN_UNUSED_VARIABLE = YES;
				IPHONEOS_DEPLOYMENT_TARGET = 9.3;
				MTL_ENABLE_DEBUG_INFO = NO;
				SDKROOT = iphoneos;
				TARGETED_DEVICE_FAMILY = "1,2";
				VALIDATE_PRODUCT = YES;
			};
			name = Release;
		};
		7F28A1751D6AFBC3002C64E6 /* Debug */ = {
			isa = XCBuildConfiguration;
			buildSettings = {
				ASSETCATALOG_COMPILER_APPICON_NAME = AppIcon;
				DEVELOPMENT_TEAM = G94VYVQQLB;
				INFOPLIST_FILE = dragView/Info.plist;
				LD_RUNPATH_SEARCH_PATHS = "$(inherited) @executable_path/Frameworks";
				PRODUCT_BUNDLE_IDENTIFIER = cn.holdfun.fun.dragView;
				PRODUCT_NAME = "$(TARGET_NAME)";
			};
			name = Debug;
		};
		7F28A1761D6AFBC3002C64E6 /* Release */ = {
			isa = XCBuildConfiguration;
			buildSettings = {
				ASSETCATALOG_COMPILER_APPICON_NAME = AppIcon;
				DEVELOPMENT_TEAM = G94VYVQQLB;
				INFOPLIST_FILE = dragView/Info.plist;
				LD_RUNPATH_SEARCH_PATHS = "$(inherited) @executable_path/Frameworks";
				PRODUCT_BUNDLE_IDENTIFIER = cn.holdfun.fun.dragView;
				PRODUCT_NAME = "$(TARGET_NAME)";
			};
			name = Release;
		};
		7F28A1781D6AFBC3002C64E6 /* Debug */ = {
			isa = XCBuildConfiguration;
			buildSettings = {
				BUNDLE_LOADER = "$(TEST_HOST)";
				INFOPLIST_FILE = dragViewTests/Info.plist;
				LD_RUNPATH_SEARCH_PATHS = "$(inherited) @executable_path/Frameworks @loader_path/Frameworks";
				PRODUCT_BUNDLE_IDENTIFIER = cn.holdfun.fun.dragViewTests;
				PRODUCT_NAME = "$(TARGET_NAME)";
				TEST_HOST = "$(BUILT_PRODUCTS_DIR)/dragView.app/dragView";
			};
			name = Debug;
		};
		7F28A1791D6AFBC3002C64E6 /* Release */ = {
			isa = XCBuildConfiguration;
			buildSettings = {
				BUNDLE_LOADER = "$(TEST_HOST)";
				INFOPLIST_FILE = dragViewTests/Info.plist;
				LD_RUNPATH_SEARCH_PATHS = "$(inherited) @executable_path/Frameworks @loader_path/Frameworks";
				PRODUCT_BUNDLE_IDENTIFIER = cn.holdfun.fun.dragViewTests;
				PRODUCT_NAME = "$(TARGET_NAME)";
				TEST_HOST = "$(BUILT_PRODUCTS_DIR)/dragView.app/dragView";
			};
			name = Release;
		};
		7F28A17B1D6AFBC3002C64E6 /* Debug */ = {
			isa = XCBuildConfiguration;
			buildSettings = {
				INFOPLIST_FILE = dragViewUITests/Info.plist;
				LD_RUNPATH_SEARCH_PATHS = "$(inherited) @executable_path/Frameworks @loader_path/Frameworks";
				PRODUCT_BUNDLE_IDENTIFIER = cn.holdfun.fun.dragViewUITests;
				PRODUCT_NAME = "$(TARGET_NAME)";
				TEST_TARGET_NAME = dragView;
			};
			name = Debug;
		};
		7F28A17C1D6AFBC3002C64E6 /* Release */ = {
			isa = XCBuildConfiguration;
			buildSettings = {
				INFOPLIST_FILE = dragViewUITests/Info.plist;
				LD_RUNPATH_SEARCH_PATHS = "$(inherited) @executable_path/Frameworks @loader_path/Frameworks";
				PRODUCT_BUNDLE_IDENTIFIER = cn.holdfun.fun.dragViewUITests;
				PRODUCT_NAME = "$(TARGET_NAME)";
				TEST_TARGET_NAME = dragView;
			};
			name = Release;
		};
/* End XCBuildConfiguration section */

/* Begin XCConfigurationList section */
		7F28A1421D6AFBB7002C64E6 /* Build configuration list for PBXProject "dragView" */ = {
			isa = XCConfigurationList;
			buildConfigurations = (
				7F28A1721D6AFBC3002C64E6 /* Debug */,
				7F28A1731D6AFBC3002C64E6 /* Release */,
			);
			defaultConfigurationIsVisible = 0;
			defaultConfigurationName = Release;
		};
		7F28A1741D6AFBC3002C64E6 /* Build configuration list for PBXNativeTarget "dragView" */ = {
			isa = XCConfigurationList;
			buildConfigurations = (
				7F28A1751D6AFBC3002C64E6 /* Debug */,
				7F28A1761D6AFBC3002C64E6 /* Release */,
			);
			defaultConfigurationIsVisible = 0;
			defaultConfigurationName = Release;
		};
		7F28A1771D6AFBC3002C64E6 /* Build configuration list for PBXNativeTarget "dragViewTests" */ = {
			isa = XCConfigurationList;
			buildConfigurations = (
				7F28A1781D6AFBC3002C64E6 /* Debug */,
				7F28A1791D6AFBC3002C64E6 /* Release */,
			);
			defaultConfigurationIsVisible = 0;
			defaultConfigurationName = Release;
		};
		7F28A17A1D6AFBC3002C64E6 /* Build configuration list for PBXNativeTarget "dragViewUITests" */ = {
			isa = XCConfigurationList;
			buildConfigurations = (
				7F28A17B1D6AFBC3002C64E6 /* Debug */,
				7F28A17C1D6AFBC3002C64E6 /* Release */,
			);
			defaultConfigurationIsVisible = 0;
			defaultConfigurationName = Release;
		};
/* End XCConfigurationList section */
	};
	rootObject = 7F28A13F1D6AFBB7002C64E6 /* Project object */;
}
